
Microsoft Visual Studio Solution File, Format Version 12.00
# Visual Studio Version 17
VisualStudioVersion = 17.13.35825.156 d17.13
MinimumVisualStudioVersion = 10.0.40219.1
Project("{FAE04EC0-301F-11D3-BF4B-00C04F79EFBC}") = "PKS_4_sem4", "PKS_4_sem4.csproj", "{F86FDAB6-A8C8-4F37-92AE-3131CB722EAB}"
EndProject
Global
	GlobalSection(SolutionConfigurationPlatforms) = preSolution
		Debug|Any CPU = Debug|Any CPU
		Release|Any CPU = Release|Any CPU
	EndGlobalSection
	GlobalSection(ProjectConfigurationPlatforms) = postSolution
		{F86FDAB6-A8C8-4F37-92AE-3131CB722EAB}.Debug|Any CPU.ActiveCfg = Debug|Any CPU
		{F86FDAB6-A8C8-4F37-92AE-3131CB722EAB}.Debug|Any CPU.Build.0 = Debug|Any CPU
		{F86FDAB6-A8C8-4F37-92AE-3131CB722EAB}.Release|Any CPU.ActiveCfg = Release|Any CPU
		{F86FDAB6-A8C8-4F37-92AE-3131CB722EAB}.Release|Any CPU.Build.0 = Release|Any CPU
	EndGlobalSection
	GlobalSection(SolutionProperties) = preSolution
		HideSolutionNode = FALSE
	EndGlobalSection
	GlobalSection(ExtensibilityGlobals) = postSolution
		SolutionGuid = {D83F13B7-EFF8-4D68-A8C8-99643DBB18A7}
	EndGlobalSection
EndGlobal
